<Solution>
  <Project Path="PTScheduler.Web/PTScheduler.Web.csproj" />
  <Project Path="PTScheduler.Domain/PTScheduler.Domain.csproj" />
  <Project Path="PTScheduler.Application/PTScheduler.Application.csproj" />
  <Project Path="PTScheduler.Infrastructure/PTScheduler.Infrastructure.csproj" />
</Solution>
